// !$*UTF8*$!
{
	archiveVersion = 1;
	classes = {
	};
	objectVersion = 46;
	objects = {

/* Begin PBXBuildFile section */
		089F25F91EAA594A00ABC830 /* event2ViewController.swift in Sources */ = {isa = PBXBuildFile; fileRef = 089F25F81EAA594A00ABC830 /* event2ViewController.swift */; };
		089F25FB1EAA5FF000ABC830 /* EventViewController.swift in Sources */ = {isa = PBXBuildFile; fileRef = 089F25FA1EAA5FF000ABC830 /* EventViewController.swift */; };
		243D335FC00F213FEB2F88D4 /* Pods_Maverick_AppTests.framework in Frameworks */ = {isa = PBXBuildFile; fileRef = 0B207213754F22BA251A9BA3 /* Pods_Maverick_AppTests.framework */; };
		9A7A346A1EAA480C00794E8A /* Event.swift in Sources */ = {isa = PBXBuildFile; fileRef = 9A7A34691EAA480C00794E8A /* Event.swift */; };
		9A7A346C1EAA4ED900794E8A /* Feedback.swift in Sources */ = {isa = PBXBuildFile; fileRef = 9A7A346B1EAA4ED900794E8A /* Feedback.swift */; };
		9A9BDB311EA8FBB40048799C /* SideMenu.swift in Sources */ = {isa = PBXBuildFile; fileRef = 9A9BDB301EA8FBB40048799C /* SideMenu.swift */; };
		9A9BDB331EA913FE0048799C /* LoginScreen.swift in Sources */ = {isa = PBXBuildFile; fileRef = 9A9BDB321EA913FE0048799C /* LoginScreen.swift */; };
		9A9BDB351EA916960048799C /* StartScreen.swift in Sources */ = {isa = PBXBuildFile; fileRef = 9A9BDB341EA916960048799C /* StartScreen.swift */; };
		9A9BDB371EA935EF0048799C /* FeedBackVC.swift in Sources */ = {isa = PBXBuildFile; fileRef = 9A9BDB361EA935EF0048799C /* FeedBackVC.swift */; };
		9AC1EB6B1EC4C49A006EFACB /* GoogleService-Info-2.plist in Resources */ = {isa = PBXBuildFile; fileRef = 9AC1EB6A1EC4C49A006EFACB /* GoogleService-Info-2.plist */; };
		9AD09C171E9E874500DF454B /* AppDelegate.swift in Sources */ = {isa = PBXBuildFile; fileRef = 9AD09C161E9E874500DF454B /* AppDelegate.swift */; };
		9AD09C191E9E874500DF454B /* ViewController.swift in Sources */ = {isa = PBXBuildFile; fileRef = 9AD09C181E9E874500DF454B /* ViewController.swift */; };
		9AD09C1C1E9E874500DF454B /* Main.storyboard in Resources */ = {isa = PBXBuildFile; fileRef = 9AD09C1A1E9E874500DF454B /* Main.storyboard */; };
		9AD09C1E1E9E874500DF454B /* Assets.xcassets in Resources */ = {isa = PBXBuildFile; fileRef = 9AD09C1D1E9E874500DF454B /* Assets.xcassets */; };
		9AD09C211E9E874500DF454B /* LaunchScreen.storyboard in Resources */ = {isa = PBXBuildFile; fileRef = 9AD09C1F1E9E874500DF454B /* LaunchScreen.storyboard */; };
		9AD09C2C1E9E874500DF454B /* Maverick_AppTests.swift in Sources */ = {isa = PBXBuildFile; fileRef = 9AD09C2B1E9E874500DF454B /* Maverick_AppTests.swift */; };
		9AD09C371E9E874500DF454B /* Maverick_AppUITests.swift in Sources */ = {isa = PBXBuildFile; fileRef = 9AD09C361E9E874500DF454B /* Maverick_AppUITests.swift */; };
		A664CC65F34D87C737F47C0C /* Pods_Maverick_AppUITests.framework in Frameworks */ = {isa = PBXBuildFile; fileRef = 8460914BC59F40FEE8681123 /* Pods_Maverick_AppUITests.framework */; };
		E68A993247FB970144B01F1D /* Pods_Maverick_App.framework in Frameworks */ = {isa = PBXBuildFile; fileRef = C93D8B889EFA153297EED550 /* Pods_Maverick_App.framework */; };
/* End PBXBuildFile section */

/* Begin PBXContainerItemProxy section */
		9AD09C281E9E874500DF454B /* PBXContainerItemProxy */ = {
			isa = PBXContainerItemProxy;
			containerPortal = 9AD09C0B1E9E874500DF454B /* Project object */;
			proxyType = 1;
			remoteGlobalIDString = 9AD09C121E9E874500DF454B;
			remoteInfo = "Maverick App";
		};
		9AD09C331E9E874500DF454B /* PBXContainerItemProxy */ = {
			isa = PBXContainerItemProxy;
			containerPortal = 9AD09C0B1E9E874500DF454B /* Project object */;
			proxyType = 1;
			remoteGlobalIDString = 9AD09C121E9E874500DF454B;
			remoteInfo = "Maverick App";
		};
/* End PBXContainerItemProxy section */

/* Begin PBXFileReference section */
		089F25F81EAA594A00ABC830 /* event2ViewController.swift */ = {isa = PBXFileReference; fileEncoding = 4; lastKnownFileType = sourcecode.swift; path = event2ViewController.swift; sourceTree = "<group>"; };
		089F25FA1EAA5FF000ABC830 /* EventViewController.swift */ = {isa = PBXFileReference; fileEncoding = 4; lastKnownFileType = sourcecode.swift; path = EventViewController.swift; sourceTree = "<group>"; };
		08CCE2E4FEAB15A796CB207C /* Pods-Maverick AppTests.release.xcconfig */ = {isa = PBXFileReference; includeInIndex = 1; lastKnownFileType = text.xcconfig; name = "Pods-Maverick AppTests.release.xcconfig"; path = "Pods/Target Support Files/Pods-Maverick AppTests/Pods-Maverick AppTests.release.xcconfig"; sourceTree = "<group>"; };
		0B207213754F22BA251A9BA3 /* Pods_Maverick_AppTests.framework */ = {isa = PBXFileReference; explicitFileType = wrapper.framework; includeInIndex = 0; path = Pods_Maverick_AppTests.framework; sourceTree = BUILT_PRODUCTS_DIR; };
		8460914BC59F40FEE8681123 /* Pods_Maverick_AppUITests.framework */ = {isa = PBXFileReference; explicitFileType = wrapper.framework; includeInIndex = 0; path = Pods_Maverick_AppUITests.framework; sourceTree = BUILT_PRODUCTS_DIR; };
		89DFE0C5AE24D02DBB370232 /* Pods-Maverick App.release.xcconfig */ = {isa = PBXFileReference; includeInIndex = 1; lastKnownFileType = text.xcconfig; name = "Pods-Maverick App.release.xcconfig"; path = "Pods/Target Support Files/Pods-Maverick App/Pods-Maverick App.release.xcconfig"; sourceTree = "<group>"; };
		9A7A34691EAA480C00794E8A /* Event.swift */ = {isa = PBXFileReference; fileEncoding = 4; lastKnownFileType = sourcecode.swift; path = Event.swift; sourceTree = "<group>"; };
		9A7A346B1EAA4ED900794E8A /* Feedback.swift */ = {isa = PBXFileReference; fileEncoding = 4; lastKnownFileType = sourcecode.swift; path = Feedback.swift; sourceTree = "<group>"; };
		9A7A346D1EAA58BA00794E8A /* EventViewController.swift */ = {isa = PBXFileReference; fileEncoding = 4; lastKnownFileType = sourcecode.swift; path = EventViewController.swift; sourceTree = "<group>"; };
		9A9BDB301EA8FBB40048799C /* SideMenu.swift */ = {isa = PBXFileReference; fileEncoding = 4; lastKnownFileType = sourcecode.swift; path = SideMenu.swift; sourceTree = "<group>"; };
		9A9BDB321EA913FE0048799C /* LoginScreen.swift */ = {isa = PBXFileReference; fileEncoding = 4; lastKnownFileType = sourcecode.swift; path = LoginScreen.swift; sourceTree = "<group>"; };
		9A9BDB341EA916960048799C /* StartScreen.swift */ = {isa = PBXFileReference; fileEncoding = 4; lastKnownFileType = sourcecode.swift; path = StartScreen.swift; sourceTree = "<group>"; };
		9A9BDB361EA935EF0048799C /* FeedBackVC.swift */ = {isa = PBXFileReference; fileEncoding = 4; lastKnownFileType = sourcecode.swift; path = FeedBackVC.swift; sourceTree = "<group>"; };
		9AC1EB6A1EC4C49A006EFACB /* GoogleService-Info-2.plist */ = {isa = PBXFileReference; fileEncoding = 4; lastKnownFileType = text.plist.xml; path = "GoogleService-Info-2.plist"; sourceTree = "<group>"; };
		9AD09C131E9E874500DF454B /* Maverick App.app */ = {isa = PBXFileReference; explicitFileType = wrapper.application; includeInIndex = 0; path = "Maverick App.app"; sourceTree = BUILT_PRODUCTS_DIR; };
		9AD09C161E9E874500DF454B /* AppDelegate.swift */ = {isa = PBXFileReference; lastKnownFileType = sourcecode.swift; path = AppDelegate.swift; sourceTree = "<group>"; };
		9AD09C181E9E874500DF454B /* ViewController.swift */ = {isa = PBXFileReference; lastKnownFileType = sourcecode.swift; path = ViewController.swift; sourceTree = "<group>"; };
		9AD09C1B1E9E874500DF454B /* Base */ = {isa = PBXFileReference; lastKnownFileType = file.storyboard; name = Base; path = Base.lproj/Main.storyboard; sourceTree = "<group>"; };
		9AD09C1D1E9E874500DF454B /* Assets.xcassets */ = {isa = PBXFileReference; lastKnownFileType = folder.assetcatalog; path = Assets.xcassets; sourceTree = "<group>"; };
		9AD09C201E9E874500DF454B /* Base */ = {isa = PBXFileReference; lastKnownFileType = file.storyboard; name = Base; path = Base.lproj/LaunchScreen.storyboard; sourceTree = "<group>"; };
		9AD09C221E9E874500DF454B /* Info.plist */ = {isa = PBXFileReference; lastKnownFileType = text.plist.xml; path = Info.plist; sourceTree = "<group>"; };
		9AD09C271E9E874500DF454B /* Maverick AppTests.xctest */ = {isa = PBXFileReference; explicitFileType = wrapper.cfbundle; includeInIndex = 0; path = "Maverick AppTests.xctest"; sourceTree = BUILT_PRODUCTS_DIR; };
		9AD09C2B1E9E874500DF454B /* Maverick_AppTests.swift */ = {isa = PBXFileReference; lastKnownFileType = sourcecode.swift; path = Maverick_AppTests.swift; sourceTree = "<group>"; };
		9AD09C2D1E9E874500DF454B /* Info.plist */ = {isa = PBXFileReference; lastKnownFileType = text.plist.xml; path = Info.plist; sourceTree = "<group>"; };
		9AD09C321E9E874500DF454B /* Maverick AppUITests.xctest */ = {isa = PBXFileReference; explicitFileType = wrapper.cfbundle; includeInIndex = 0; path = "Maverick AppUITests.xctest"; sourceTree = BUILT_PRODUCTS_DIR; };
		9AD09C361E9E874500DF454B /* Maverick_AppUITests.swift */ = {isa = PBXFileReference; lastKnownFileType = sourcecode.swift; path = Maverick_AppUITests.swift; sourceTree = "<group>"; };
		9AD09C381E9E874500DF454B /* Info.plist */ = {isa = PBXFileReference; lastKnownFileType = text.plist.xml; path = Info.plist; sourceTree = "<group>"; };
		B8E2FB2A759577BE334719F7 /* Pods-Maverick AppUITests.debug.xcconfig */ = {isa = PBXFileReference; includeInIndex = 1; lastKnownFileType = text.xcconfig; name = "Pods-Maverick AppUITests.debug.xcconfig"; path = "Pods/Target Support Files/Pods-Maverick AppUITests/Pods-Maverick AppUITests.debug.xcconfig"; sourceTree = "<group>"; };
		B919547A9BA79036FCFA0B13 /* Pods-Maverick App.debug.xcconfig */ = {isa = PBXFileReference; includeInIndex = 1; lastKnownFileType = text.xcconfig; name = "Pods-Maverick App.debug.xcconfig"; path = "Pods/Target Support Files/Pods-Maverick App/Pods-Maverick App.debug.xcconfig"; sourceTree = "<group>"; };
		C14FBB34A691402ECC7C27A4 /* Pods-Maverick AppTests.debug.xcconfig */ = {isa = PBXFileReference; includeInIndex = 1; lastKnownFileType = text.xcconfig; name = "Pods-Maverick AppTests.debug.xcconfig"; path = "Pods/Target Support Files/Pods-Maverick AppTests/Pods-Maverick AppTests.debug.xcconfig"; sourceTree = "<group>"; };
		C8BB2C5FC488C4180D6084D3 /* Pods-Maverick AppUITests.release.xcconfig */ = {isa = PBXFileReference; includeInIndex = 1; lastKnownFileType = text.xcconfig; name = "Pods-Maverick AppUITests.release.xcconfig"; path = "Pods/Target Support Files/Pods-Maverick AppUITests/Pods-Maverick AppUITests.release.xcconfig"; sourceTree = "<group>"; };
		C93D8B889EFA153297EED550 /* Pods_Maverick_App.framework */ = {isa = PBXFileReference; explicitFileType = wrapper.framework; includeInIndex = 0; path = Pods_Maverick_App.framework; sourceTree = BUILT_PRODUCTS_DIR; };
/* End PBXFileReference section */

/* Begin PBXFrameworksBuildPhase section */
		9AD09C101E9E874500DF454B /* Frameworks */ = {
			isa = PBXFrameworksBuildPhase;
			buildActionMask = 2147483647;
			files = (
				E68A993247FB970144B01F1D /* Pods_Maverick_App.framework in Frameworks */,
			);
			runOnlyForDeploymentPostprocessing = 0;
		};
		9AD09C241E9E874500DF454B /* Frameworks */ = {
			isa = PBXFrameworksBuildPhase;
			buildActionMask = 2147483647;
			files = (
				243D335FC00F213FEB2F88D4 /* Pods_Maverick_AppTests.framework in Frameworks */,
			);
			runOnlyForDeploymentPostprocessing = 0;
		};
		9AD09C2F1E9E874500DF454B /* Frameworks */ = {
			isa = PBXFrameworksBuildPhase;
			buildActionMask = 2147483647;
			files = (
				A664CC65F34D87C737F47C0C /* Pods_Maverick_AppUITests.framework in Frameworks */,
			);
			runOnlyForDeploymentPostprocessing = 0;
		};
/* End PBXFrameworksBuildPhase section */

/* Begin PBXGroup section */
		041D19E5BC135F70CBF5FDD8 /* Frameworks */ = {
			isa = PBXGroup;
			children = (
				C93D8B889EFA153297EED550 /* Pods_Maverick_App.framework */,
				0B207213754F22BA251A9BA3 /* Pods_Maverick_AppTests.framework */,
				8460914BC59F40FEE8681123 /* Pods_Maverick_AppUITests.framework */,
			);
			name = Frameworks;
			sourceTree = "<group>";
		};
		52EAF0191EA679C40049B985 /* View Controllers */ = {
			isa = PBXGroup;
			children = (
			);
			name = "View Controllers";
			sourceTree = "<group>";
		};
		52EAF01A1EA679D30049B985 /* IO */ = {
			isa = PBXGroup;
			children = (
			);
			name = IO;
			sourceTree = "<group>";
		};
		52EAF01B1EA679DC0049B985 /* Factories */ = {
			isa = PBXGroup;
			children = (
			);
			name = Factories;
			sourceTree = "<group>";
		};
		52EAF01C1EA679ED0049B985 /* Views */ = {
			isa = PBXGroup;
			children = (
			);
			name = Views;
			sourceTree = "<group>";
		};
		52EAF01D1EA679F20049B985 /* Controllers */ = {
			isa = PBXGroup;
			children = (
			);
			name = Controllers;
			sourceTree = "<group>";
		};
		5C4455CB8378C34512493C3A /* Pods */ = {
			isa = PBXGroup;
			children = (
				B919547A9BA79036FCFA0B13 /* Pods-Maverick App.debug.xcconfig */,
				89DFE0C5AE24D02DBB370232 /* Pods-Maverick App.release.xcconfig */,
				C14FBB34A691402ECC7C27A4 /* Pods-Maverick AppTests.debug.xcconfig */,
				08CCE2E4FEAB15A796CB207C /* Pods-Maverick AppTests.release.xcconfig */,
				B8E2FB2A759577BE334719F7 /* Pods-Maverick AppUITests.debug.xcconfig */,
				C8BB2C5FC488C4180D6084D3 /* Pods-Maverick AppUITests.release.xcconfig */,
			);
			name = Pods;
			sourceTree = "<group>";
		};
		9AD09C0A1E9E874500DF454B = {
			isa = PBXGroup;
			children = (
				9AD09C151E9E874500DF454B /* Maverick App */,
				9AD09C2A1E9E874500DF454B /* Maverick AppTests */,
				9AD09C351E9E874500DF454B /* Maverick AppUITests */,
				9AD09C141E9E874500DF454B /* Products */,
				5C4455CB8378C34512493C3A /* Pods */,
				041D19E5BC135F70CBF5FDD8 /* Frameworks */,
			);
			sourceTree = "<group>";
		};
		9AD09C141E9E874500DF454B /* Products */ = {
			isa = PBXGroup;
			children = (
				9AD09C131E9E874500DF454B /* Maverick App.app */,
				9AD09C271E9E874500DF454B /* Maverick AppTests.xctest */,
				9AD09C321E9E874500DF454B /* Maverick AppUITests.xctest */,
			);
			name = Products;
			sourceTree = "<group>";
		};
		9AD09C151E9E874500DF454B /* Maverick App */ = {
			isa = PBXGroup;
			children = (
				52EAF01D1EA679F20049B985 /* Controllers */,
				52EAF01C1EA679ED0049B985 /* Views */,
				52EAF01B1EA679DC0049B985 /* Factories */,
				52EAF01A1EA679D30049B985 /* IO */,
				52EAF0191EA679C40049B985 /* View Controllers */,
				9AD09C161E9E874500DF454B /* AppDelegate.swift */,
				9A9BDB321EA913FE0048799C /* LoginScreen.swift */,
				9AD09C181E9E874500DF454B /* ViewController.swift */,
				9AD09C1A1E9E874500DF454B /* Main.storyboard */,
				9AD09C1D1E9E874500DF454B /* Assets.xcassets */,
				9AD09C1F1E9E874500DF454B /* LaunchScreen.storyboard */,
				089F25FA1EAA5FF000ABC830 /* EventViewController.swift */,
				9AD09C221E9E874500DF454B /* Info.plist */,
				9A9BDB301EA8FBB40048799C /* SideMenu.swift */,
				9A7A346D1EAA58BA00794E8A /* EventViewController.swift */,
				9A9BDB341EA916960048799C /* StartScreen.swift */,
				9A9BDB361EA935EF0048799C /* FeedBackVC.swift */,
				9AC1EB6A1EC4C49A006EFACB /* GoogleService-Info-2.plist */,
				9A7A34691EAA480C00794E8A /* Event.swift */,
				9A7A346B1EAA4ED900794E8A /* Feedback.swift */,
				089F25F81EAA594A00ABC830 /* event2ViewController.swift */,
			);
			path = "Maverick App";
			sourceTree = "<group>";
		};
		9AD09C2A1E9E874500DF454B /* Maverick AppTests */ = {
			isa = PBXGroup;
			children = (
				9AD09C2B1E9E874500DF454B /* Maverick_AppTests.swift */,
				9AD09C2D1E9E874500DF454B /* Info.plist */,
			);
			path = "Maverick AppTests";
			sourceTree = "<group>";
		};
		9AD09C351E9E874500DF454B /* Maverick AppUITests */ = {
			isa = PBXGroup;
			children = (
				9AD09C361E9E874500DF454B /* Maverick_AppUITests.swift */,
				9AD09C381E9E874500DF454B /* Info.plist */,
			);
			path = "Maverick AppUITests";
			sourceTree = "<group>";
		};
/* End PBXGroup section */

/* Begin PBXNativeTarget section */
		9AD09C121E9E874500DF454B /* Maverick App */ = {
			isa = PBXNativeTarget;
			buildConfigurationList = 9AD09C3B1E9E874500DF454B /* Build configuration list for PBXNativeTarget "Maverick App" */;
			buildPhases = (
				10D603EFE4F9B10229639AE9 /* [CP] Check Pods Manifest.lock */,
				9AD09C0F1E9E874500DF454B /* Sources */,
				9AD09C101E9E874500DF454B /* Frameworks */,
				9AD09C111E9E874500DF454B /* Resources */,
				175906DB498FB2FE8058D375 /* [CP] Embed Pods Frameworks */,
				F58FB9C2136E009F8ABDE767 /* [CP] Copy Pods Resources */,
			);
			buildRules = (
			);
			dependencies = (
			);
			name = "Maverick App";
			productName = "Maverick App";
			productReference = 9AD09C131E9E874500DF454B /* Maverick App.app */;
			productType = "com.apple.product-type.application";
		};
		9AD09C261E9E874500DF454B /* Maverick AppTests */ = {
			isa = PBXNativeTarget;
			buildConfigurationList = 9AD09C3E1E9E874500DF454B /* Build configuration list for PBXNativeTarget "Maverick AppTests" */;
			buildPhases = (
				02A5DF8651789EEA47623D48 /* [CP] Check Pods Manifest.lock */,
				9AD09C231E9E874500DF454B /* Sources */,
				9AD09C241E9E874500DF454B /* Frameworks */,
				9AD09C251E9E874500DF454B /* Resources */,
				61B5E5B3795888495FB6EAEB /* [CP] Embed Pods Frameworks */,
				1D569CF0CD9DE449F2B05BB5 /* [CP] Copy Pods Resources */,
			);
			buildRules = (
			);
			dependencies = (
				9AD09C291E9E874500DF454B /* PBXTargetDependency */,
			);
			name = "Maverick AppTests";
			productName = "Maverick AppTests";
			productReference = 9AD09C271E9E874500DF454B /* Maverick AppTests.xctest */;
			productType = "com.apple.product-type.bundle.unit-test";
		};
		9AD09C311E9E874500DF454B /* Maverick AppUITests */ = {
			isa = PBXNativeTarget;
			buildConfigurationList = 9AD09C411E9E874500DF454B /* Build configuration list for PBXNativeTarget "Maverick AppUITests" */;
			buildPhases = (
				015A85344B251356BCB1C472 /* [CP] Check Pods Manifest.lock */,
				9AD09C2E1E9E874500DF454B /* Sources */,
				9AD09C2F1E9E874500DF454B /* Frameworks */,
				9AD09C301E9E874500DF454B /* Resources */,
				3C1CA86F1B5022F66E58FB2E /* [CP] Embed Pods Frameworks */,
				FA318954397A726F0BAE8B2D /* [CP] Copy Pods Resources */,
			);
			buildRules = (
			);
			dependencies = (
				9AD09C341E9E874500DF454B /* PBXTargetDependency */,
			);
			name = "Maverick AppUITests";
			productName = "Maverick AppUITests";
			productReference = 9AD09C321E9E874500DF454B /* Maverick AppUITests.xctest */;
			productType = "com.apple.product-type.bundle.ui-testing";
		};
/* End PBXNativeTarget section */

/* Begin PBXProject section */
		9AD09C0B1E9E874500DF454B /* Project object */ = {
			isa = PBXProject;
			attributes = {
				LastSwiftUpdateCheck = 0820;
				LastUpgradeCheck = 0820;
				ORGANIZATIONNAME = "Kai Comer";
				TargetAttributes = {
					9AD09C121E9E874500DF454B = {
						CreatedOnToolsVersion = 8.2.1;
						DevelopmentTeam = 7AF2P6S86E;
						ProvisioningStyle = Automatic;
					};
					9AD09C261E9E874500DF454B = {
						CreatedOnToolsVersion = 8.2.1;
						DevelopmentTeam = 7AF2P6S86E;
						ProvisioningStyle = Automatic;
						TestTargetID = 9AD09C121E9E874500DF454B;
					};
					9AD09C311E9E874500DF454B = {
						CreatedOnToolsVersion = 8.2.1;
						DevelopmentTeam = 7AF2P6S86E;
						ProvisioningStyle = Automatic;
						TestTargetID = 9AD09C121E9E874500DF454B;
					};
				};
			};
			buildConfigurationList = 9AD09C0E1E9E874500DF454B /* Build configuration list for PBXProject "Maverick App" */;
			compatibilityVersion = "Xcode 3.2";
			developmentRegion = English;
			hasScannedForEncodings = 0;
			knownRegions = (
				en,
				Base,
			);
			mainGroup = 9AD09C0A1E9E874500DF454B;
			productRefGroup = 9AD09C141E9E874500DF454B /* Products */;
			projectDirPath = "";
			projectRoot = "";
			targets = (
				9AD09C121E9E874500DF454B /* Maverick App */,
				9AD09C261E9E874500DF454B /* Maverick AppTests */,
				9AD09C311E9E874500DF454B /* Maverick AppUITests */,
			);
		};
/* End PBXProject section */

/* Begin PBXResourcesBuildPhase section */
		9AD09C111E9E874500DF454B /* Resources */ = {
			isa = PBXResourcesBuildPhase;
			buildActionMask = 2147483647;
			files = (
				9AD09C211E9E874500DF454B /* LaunchScreen.storyboard in Resources */,
				9AD09C1E1E9E874500DF454B /* Assets.xcassets in Resources */,
				9AC1EB6B1EC4C49A006EFACB /* GoogleService-Info-2.plist in Resources */,
				9AD09C1C1E9E874500DF454B /* Main.storyboard in Resources */,
			);
			runOnlyForDeploymentPostprocessing = 0;
		};
		9AD09C251E9E874500DF454B /* Resources */ = {
			isa = PBXResourcesBuildPhase;
			buildActionMask = 2147483647;
			files = (
			);
			runOnlyForDeploymentPostprocessing = 0;
		};
		9AD09C301E9E874500DF454B /* Resources */ = {
			isa = PBXResourcesBuildPhase;
			buildActionMask = 2147483647;
			files = (
			);
			runOnlyForDeploymentPostprocessing = 0;
		};
/* End PBXResourcesBuildPhase section */

/* Begin PBXShellScriptBuildPhase section */
		015A85344B251356BCB1C472 /* [CP] Check Pods Manifest.lock */ = {
			isa = PBXShellScriptBuildPhase;
			buildActionMask = 2147483647;
			files = (
			);
			inputPaths = (
			);
			name = "[CP] Check Pods Manifest.lock";
			outputPaths = (
			);
			runOnlyForDeploymentPostprocessing = 0;
			shellPath = /bin/sh;
			shellScript = "diff \"${PODS_ROOT}/../Podfile.lock\" \"${PODS_ROOT}/Manifest.lock\" > /dev/null\nif [ $? != 0 ] ; then\n    # print error to STDERR\n    echo \"error: The sandbox is not in sync with the Podfile.lock. Run 'pod install' or update your CocoaPods installation.\" >&2\n    exit 1\nfi\n";
			showEnvVarsInLog = 0;
		};
		02A5DF8651789EEA47623D48 /* [CP] Check Pods Manifest.lock */ = {
			isa = PBXShellScriptBuildPhase;
			buildActionMask = 2147483647;
			files = (
			);
			inputPaths = (
			);
			name = "[CP] Check Pods Manifest.lock";
			outputPaths = (
			);
			runOnlyForDeploymentPostprocessing = 0;
			shellPath = /bin/sh;
			shellScript = "diff \"${PODS_ROOT}/../Podfile.lock\" \"${PODS_ROOT}/Manifest.lock\" > /dev/null\nif [ $? != 0 ] ; then\n    # print error to STDERR\n    echo \"error: The sandbox is not in sync with the Podfile.lock. Run 'pod install' or update your CocoaPods installation.\" >&2\n    exit 1\nfi\n";
			showEnvVarsInLog = 0;
		};
		10D603EFE4F9B10229639AE9 /* [CP] Check Pods Manifest.lock */ = {
			isa = PBXShellScriptBuildPhase;
			buildActionMask = 2147483647;
			files = (
			);
			inputPaths = (
			);
			name = "[CP] Check Pods Manifest.lock";
			outputPaths = (
			);
			runOnlyForDeploymentPostprocessing = 0;
			shellPath = /bin/sh;
			shellScript = "diff \"${PODS_ROOT}/../Podfile.lock\" \"${PODS_ROOT}/Manifest.lock\" > /dev/null\nif [ $? != 0 ] ; then\n    # print error to STDERR\n    echo \"error: The sandbox is not in sync with the Podfile.lock. Run 'pod install' or update your CocoaPods installation.\" >&2\n    exit 1\nfi\n";
			showEnvVarsInLog = 0;
		};
		175906DB498FB2FE8058D375 /* [CP] Embed Pods Frameworks */ = {
			isa = PBXShellScriptBuildPhase;
			buildActionMask = 2147483647;
			files = (
			);
			inputPaths = (
			);
			name = "[CP] Embed Pods Frameworks";
			outputPaths = (
			);
			runOnlyForDeploymentPostprocessing = 0;
			shellPath = /bin/sh;
			shellScript = "\"${SRCROOT}/Pods/Target Support Files/Pods-Maverick App/Pods-Maverick App-frameworks.sh\"\n";
			showEnvVarsInLog = 0;
		};
		1D569CF0CD9DE449F2B05BB5 /* [CP] Copy Pods Resources */ = {
			isa = PBXShellScriptBuildPhase;
			buildActionMask = 2147483647;
			files = (
			);
			inputPaths = (
			);
			name = "[CP] Copy Pods Resources";
			outputPaths = (
			);
			runOnlyForDeploymentPostprocessing = 0;
			shellPath = /bin/sh;
			shellScript = "\"${SRCROOT}/Pods/Target Support Files/Pods-Maverick AppTests/Pods-Maverick AppTests-resources.sh\"\n";
			showEnvVarsInLog = 0;
		};
		3C1CA86F1B5022F66E58FB2E /* [CP] Embed Pods Frameworks */ = {
			isa = PBXShellScriptBuildPhase;
			buildActionMask = 2147483647;
			files = (
			);
			inputPaths = (
			);
			name = "[CP] Embed Pods Frameworks";
			outputPaths = (
			);
			runOnlyForDeploymentPostprocessing = 0;
			shellPath = /bin/sh;
			shellScript = "\"${SRCROOT}/Pods/Target Support Files/Pods-Maverick AppUITests/Pods-Maverick AppUITests-frameworks.sh\"\n";
			showEnvVarsInLog = 0;
		};
		61B5E5B3795888495FB6EAEB /* [CP] Embed Pods Frameworks */ = {
			isa = PBXShellScriptBuildPhase;
			buildActionMask = 2147483647;
			files = (
			);
			inputPaths = (
			);
			name = "[CP] Embed Pods Frameworks";
			outputPaths = (
			);
			runOnlyForDeploymentPostprocessing = 0;
			shellPath = /bin/sh;
			shellScript = "\"${SRCROOT}/Pods/Target Support Files/Pods-Maverick AppTests/Pods-Maverick AppTests-frameworks.sh\"\n";
			showEnvVarsInLog = 0;
		};
		F58FB9C2136E009F8ABDE767 /* [CP] Copy Pods Resources */ = {
			isa = PBXShellScriptBuildPhase;
			buildActionMask = 2147483647;
			files = (
			);
			inputPaths = (
			);
			name = "[CP] Copy Pods Resources";
			outputPaths = (
			);
			runOnlyForDeploymentPostprocessing = 0;
			shellPath = /bin/sh;
			shellScript = "\"${SRCROOT}/Pods/Target Support Files/Pods-Maverick App/Pods-Maverick App-resources.sh\"\n";
			showEnvVarsInLog = 0;
		};
		FA318954397A726F0BAE8B2D /* [CP] Copy Pods Resources */ = {
			isa = PBXShellScriptBuildPhase;
			buildActionMask = 2147483647;
			files = (
			);
			inputPaths = (
			);
			name = "[CP] Copy Pods Resources";
			outputPaths = (
			);
			runOnlyForDeploymentPostprocessing = 0;
			shellPath = /bin/sh;
			shellScript = "\"${SRCROOT}/Pods/Target Support Files/Pods-Maverick AppUITests/Pods-Maverick AppUITests-resources.sh\"\n";
			showEnvVarsInLog = 0;
		};
/* End PBXShellScriptBuildPhase section */

/* Begin PBXSourcesBuildPhase section */
		9AD09C0F1E9E874500DF454B /* Sources */ = {
			isa = PBXSourcesBuildPhase;
			buildActionMask = 2147483647;
			files = (
				9A9BDB311EA8FBB40048799C /* SideMenu.swift in Sources */,
				9A9BDB331EA913FE0048799C /* LoginScreen.swift in Sources */,
				9A9BDB351EA916960048799C /* StartScreen.swift in Sources */,
				9A9BDB371EA935EF0048799C /* FeedBackVC.swift in Sources */,
				9AD09C191E9E874500DF454B /* ViewController.swift in Sources */,
				089F25FB1EAA5FF000ABC830 /* EventViewController.swift in Sources */,
				089F25F91EAA594A00ABC830 /* event2ViewController.swift in Sources */,
				9A7A346A1EAA480C00794E8A /* Event.swift in Sources */,
				9A7A346C1EAA4ED900794E8A /* Feedback.swift in Sources */,
				9AD09C171E9E874500DF454B /* AppDelegate.swift in Sources */,
			);
			runOnlyForDeploymentPostprocessing = 0;
		};
		9AD09C231E9E874500DF454B /* Sources */ = {
			isa = PBXSourcesBuildPhase;
			buildActionMask = 2147483647;
			files = (
				9AD09C2C1E9E874500DF454B /* Maverick_AppTests.swift in Sources */,
			);
			runOnlyForDeploymentPostprocessing = 0;
		};
		9AD09C2E1E9E874500DF454B /* Sources */ = {
			isa = PBXSourcesBuildPhase;
			buildActionMask = 2147483647;
			files = (
				9AD09C371E9E874500DF454B /* Maverick_AppUITests.swift in Sources */,
			);
			runOnlyForDeploymentPostprocessing = 0;
		};
/* End PBXSourcesBuildPhase section */

/* Begin PBXTargetDependency section */
		9AD09C291E9E874500DF454B /* PBXTargetDependency */ = {
			isa = PBXTargetDependency;
			target = 9AD09C121E9E874500DF454B /* Maverick App */;
			targetProxy = 9AD09C281E9E874500DF454B /* PBXContainerItemProxy */;
		};
		9AD09C341E9E874500DF454B /* PBXTargetDependency */ = {
			isa = PBXTargetDependency;
			target = 9AD09C121E9E874500DF454B /* Maverick App */;
			targetProxy = 9AD09C331E9E874500DF454B /* PBXContainerItemProxy */;
		};
/* End PBXTargetDependency section */

/* Begin PBXVariantGroup section */
		9AD09C1A1E9E874500DF454B /* Main.storyboard */ = {
			isa = PBXVariantGroup;
			children = (
				9AD09C1B1E9E874500DF454B /* Base */,
			);
			name = Main.storyboard;
			sourceTree = "<group>";
		};
		9AD09C1F1E9E874500DF454B /* LaunchScreen.storyboard */ = {
			isa = PBXVariantGroup;
			children = (
				9AD09C201E9E874500DF454B /* Base */,
			);
			name = LaunchScreen.storyboard;
			sourceTree = "<group>";
		};
/* End PBXVariantGroup section */

/* Begin XCBuildConfiguration section */
		9AD09C391E9E874500DF454B /* Debug */ = {
			isa = XCBuildConfiguration;
			buildSettings = {
				ALWAYS_SEARCH_USER_PATHS = NO;
				CLANG_ANALYZER_NONNULL = YES;
				CLANG_CXX_LANGUAGE_STANDARD = "gnu++0x";
				CLANG_CXX_LIBRARY = "libc++";
				CLANG_ENABLE_MODULES = YES;
				CLANG_ENABLE_OBJC_ARC = YES;
				CLANG_WARN_BOOL_CONVERSION = YES;
				CLANG_WARN_CONSTANT_CONVERSION = YES;
				CLANG_WARN_DIRECT_OBJC_ISA_USAGE = YES_ERROR;
				CLANG_WARN_DOCUMENTATION_COMMENTS = YES;
				CLANG_WARN_EMPTY_BODY = YES;
				CLANG_WARN_ENUM_CONVERSION = YES;
				CLANG_WARN_INFINITE_RECURSION = YES;
				CLANG_WARN_INT_CONVERSION = YES;
				CLANG_WARN_OBJC_ROOT_CLASS = YES_ERROR;
				CLANG_WARN_SUSPICIOUS_MOVE = YES;
				CLANG_WARN_UNREACHABLE_CODE = YES;
				CLANG_WARN__DUPLICATE_METHOD_MATCH = YES;
				"CODE_SIGN_IDENTITY[sdk=iphoneos*]" = "iPhone Developer";
				COPY_PHASE_STRIP = NO;
				DEBUG_INFORMATION_FORMAT = dwarf;
				ENABLE_STRICT_OBJC_MSGSEND = YES;
				ENABLE_TESTABILITY = YES;
				GCC_C_LANGUAGE_STANDARD = gnu99;
				GCC_DYNAMIC_NO_PIC = NO;
				GCC_NO_COMMON_BLOCKS = YES;
				GCC_OPTIMIZATION_LEVEL = 0;
				GCC_PREPROCESSOR_DEFINITIONS = (
					"DEBUG=1",
					"$(inherited)",
				);
				GCC_WARN_64_TO_32_BIT_CONVERSION = YES;
				GCC_WARN_ABOUT_RETURN_TYPE = YES_ERROR;
				GCC_WARN_UNDECLARED_SELECTOR = YES;
				GCC_WARN_UNINITIALIZED_AUTOS = YES_AGGRESSIVE;
				GCC_WARN_UNUSED_FUNCTION = YES;
				GCC_WARN_UNUSED_VARIABLE = YES;
				IPHONEOS_DEPLOYMENT_TARGET = 10.2;
				MTL_ENABLE_DEBUG_INFO = YES;
				ONLY_ACTIVE_ARCH = YES;
				SDKROOT = iphoneos;
				SWIFT_ACTIVE_COMPILATION_CONDITIONS = DEBUG;
				SWIFT_OPTIMIZATION_LEVEL = "-Onone";
				TARGETED_DEVICE_FAMILY = "1,2";
			};
			name = Debug;
		};
		9AD09C3A1E9E874500DF454B /* Release */ = {
			isa = XCBuildConfiguration;
			buildSettings = {
				ALWAYS_SEARCH_USER_PATHS = NO;
				CLANG_ANALYZER_NONNULL = YES;
				CLANG_CXX_LANGUAGE_STANDARD = "gnu++0x";
				CLANG_CXX_LIBRARY = "libc++";
				CLANG_ENABLE_MODULES = YES;
				CLANG_ENABLE_OBJC_ARC = YES;
				CLANG_WARN_BOOL_CONVERSION = YES;
				CLANG_WARN_CONSTANT_CONVERSION = YES;
				CLANG_WARN_DIRECT_OBJC_ISA_USAGE = YES_ERROR;
				CLANG_WARN_DOCUMENTATION_COMMENTS = YES;
				CLANG_WARN_EMPTY_BODY = YES;
				CLANG_WARN_ENUM_CONVERSION = YES;
				CLANG_WARN_INFINITE_RECURSION = YES;
				CLANG_WARN_INT_CONVERSION = YES;
				CLANG_WARN_OBJC_ROOT_CLASS = YES_ERROR;
				CLANG_WARN_SUSPICIOUS_MOVE = YES;
				CLANG_WARN_UNREACHABLE_CODE = YES;
				CLANG_WARN__DUPLICATE_METHOD_MATCH = YES;
				"CODE_SIGN_IDENTITY[sdk=iphoneos*]" = "iPhone Developer";
				COPY_PHASE_STRIP = NO;
				DEBUG_INFORMATION_FORMAT = "dwarf-with-dsym";
				ENABLE_NS_ASSERTIONS = NO;
				ENABLE_STRICT_OBJC_MSGSEND = YES;
				GCC_C_LANGUAGE_STANDARD = gnu99;
				GCC_NO_COMMON_BLOCKS = YES;
				GCC_WARN_64_TO_32_BIT_CONVERSION = YES;
				GCC_WARN_ABOUT_RETURN_TYPE = YES_ERROR;
				GCC_WARN_UNDECLARED_SELECTOR = YES;
				GCC_WARN_UNINITIALIZED_AUTOS = YES_AGGRESSIVE;
				GCC_WARN_UNUSED_FUNCTION = YES;
				GCC_WARN_UNUSED_VARIABLE = YES;
				IPHONEOS_DEPLOYMENT_TARGET = 10.2;
				MTL_ENABLE_DEBUG_INFO = NO;
				SDKROOT = iphoneos;
				SWIFT_OPTIMIZATION_LEVEL = "-Owholemodule";
				TARGETED_DEVICE_FAMILY = "1,2";
				VALIDATE_PRODUCT = YES;
			};
			name = Release;
		};
		9AD09C3C1E9E874500DF454B /* Debug */ = {
			isa = XCBuildConfiguration;
			baseConfigurationReference = B919547A9BA79036FCFA0B13 /* Pods-Maverick App.debug.xcconfig */;
			buildSettings = {
				ASSETCATALOG_COMPILER_APPICON_NAME = AppIcon;
				DEVELOPMENT_TEAM = 7AF2P6S86E;
				INFOPLIST_FILE = "Maverick App/Info.plist";
				LD_RUNPATH_SEARCH_PATHS = "$(inherited) @executable_path/Frameworks";
				PRODUCT_BUNDLE_IDENTIFIER = "Northwest-Tech.NWKTC-app-prototype";
				PRODUCT_NAME = "$(TARGET_NAME)";
				SWIFT_VERSION = 3.0;
			};
			name = Debug;
		};
		9AD09C3D1E9E874500DF454B /* Release */ = {
			isa = XCBuildConfiguration;
			baseConfigurationReference = 89DFE0C5AE24D02DBB370232 /* Pods-Maverick App.release.xcconfig */;
			buildSettings = {
				ASSETCATALOG_COMPILER_APPICON_NAME = AppIcon;
				DEVELOPMENT_TEAM = 7AF2P6S86E;
				INFOPLIST_FILE = "Maverick App/Info.plist";
				LD_RUNPATH_SEARCH_PATHS = "$(inherited) @executable_path/Frameworks";
				PRODUCT_BUNDLE_IDENTIFIER = "Northwest-Tech.NWKTC-app-prototype";
				PRODUCT_NAME = "$(TARGET_NAME)";
				SWIFT_VERSION = 3.0;
			};
			name = Release;
		};
		9AD09C3F1E9E874500DF454B /* Debug */ = {
			isa = XCBuildConfiguration;
			baseConfigurationReference = C14FBB34A691402ECC7C27A4 /* Pods-Maverick AppTests.debug.xcconfig */;
			buildSettings = {
				ALWAYS_EMBED_SWIFT_STANDARD_LIBRARIES = YES;
				BUNDLE_LOADER = "$(TEST_HOST)";
				DEVELOPMENT_TEAM = 7AF2P6S86E;
				INFOPLIST_FILE = "Maverick AppTests/Info.plist";
				LD_RUNPATH_SEARCH_PATHS = "$(inherited) @executable_path/Frameworks @loader_path/Frameworks";
				PRODUCT_BUNDLE_IDENTIFIER = "Northwest-Tech.Maverick-AppTests";
				PRODUCT_NAME = "$(TARGET_NAME)";
				SWIFT_VERSION = 3.0;
				TEST_HOST = "$(BUILT_PRODUCTS_DIR)/Maverick App.app/Maverick App";
			};
			name = Debug;
		};
		9AD09C401E9E874500DF454B /* Release */ = {
			isa = XCBuildConfiguration;
			baseConfigurationReference = 08CCE2E4FEAB15A796CB207C /* Pods-Maverick AppTests.release.xcconfig */;
			buildSettings = {
				ALWAYS_EMBED_SWIFT_STANDARD_LIBRARIES = YES;
				BUNDLE_LOADER = "$(TEST_HOST)";
				DEVELOPMENT_TEAM = 7AF2P6S86E;
				INFOPLIST_FILE = "Maverick AppTests/Info.plist";
				LD_RUNPATH_SEARCH_PATHS = "$(inherited) @executable_path/Frameworks @loader_path/Frameworks";
				PRODUCT_BUNDLE_IDENTIFIER = "Northwest-Tech.Maverick-AppTests";
				PRODUCT_NAME = "$(TARGET_NAME)";
				SWIFT_VERSION = 3.0;
				TEST_HOST = "$(BUILT_PRODUCTS_DIR)/Maverick App.app/Maverick App";
			};
			name = Release;
		};
		9AD09C421E9E874500DF454B /* Debug */ = {
			isa = XCBuildConfiguration;
			baseConfigurationReference = B8E2FB2A759577BE334719F7 /* Pods-Maverick AppUITests.debug.xcconfig */;
			buildSettings = {
				ALWAYS_EMBED_SWIFT_STANDARD_LIBRARIES = YES;
				DEVELOPMENT_TEAM = 7AF2P6S86E;
				INFOPLIST_FILE = "Maverick AppUITests/Info.plist";
				LD_RUNPATH_SEARCH_PATHS = "$(inherited) @executable_path/Frameworks @loader_path/Frameworks";
				PRODUCT_BUNDLE_IDENTIFIER = "Northwest-Tech.Maverick-AppUITests";
				PRODUCT_NAME = "$(TARGET_NAME)";
				SWIFT_VERSION = 3.0;
				TEST_TARGET_NAME = "Maverick App";
			};
			name = Debug;
		};
		9AD09C431E9E874500DF454B /* Release */ = {
			isa = XCBuildConfiguration;
			baseConfigurationReference = C8BB2C5FC488C4180D6084D3 /* Pods-Maverick AppUITests.release.xcconfig */;
			buildSettings = {
				ALWAYS_EMBED_SWIFT_STANDARD_LIBRARIES = YES;
				DEVELOPMENT_TEAM = 7AF2P6S86E;
				INFOPLIST_FILE = "Maverick AppUITests/Info.plist";
				LD_RUNPATH_SEARCH_PATHS = "$(inherited) @executable_path/Frameworks @loader_path/Frameworks";
				PRODUCT_BUNDLE_IDENTIFIER = "Northwest-Tech.Maverick-AppUITests";
				PRODUCT_NAME = "$(TARGET_NAME)";
				SWIFT_VERSION = 3.0;
				TEST_TARGET_NAME = "Maverick App";
			};
			name = Release;
		};
/* End XCBuildConfiguration section */

/* Begin XCConfigurationList section */
		9AD09C0E1E9E874500DF454B /* Build configuration list for PBXProject "Maverick App" */ = {
			isa = XCConfigurationList;
			buildConfigurations = (
				9AD09C391E9E874500DF454B /* Debug */,
				9AD09C3A1E9E874500DF454B /* Release */,
			);
			defaultConfigurationIsVisible = 0;
			defaultConfigurationName = Release;
		};
		9AD09C3B1E9E874500DF454B /* Build configuration list for PBXNativeTarget "Maverick App" */ = {
			isa = XCConfigurationList;
			buildConfigurations = (
				9AD09C3C1E9E874500DF454B /* Debug */,
				9AD09C3D1E9E874500DF454B /* Release */,
			);
			defaultConfigurationIsVisible = 0;
			defaultConfigurationName = Release;
		};
		9AD09C3E1E9E874500DF454B /* Build configuration list for PBXNativeTarget "Maverick AppTests" */ = {
			isa = XCConfigurationList;
			buildConfigurations = (
				9AD09C3F1E9E874500DF454B /* Debug */,
				9AD09C401E9E874500DF454B /* Release */,
			);
			defaultConfigurationIsVisible = 0;
			defaultConfigurationName = Release;
		};
		9AD09C411E9E874500DF454B /* Build configuration list for PBXNativeTarget "Maverick AppUITests" */ = {
			isa = XCConfigurationList;
			buildConfigurations = (
				9AD09C421E9E874500DF454B /* Debug */,
				9AD09C431E9E874500DF454B /* Release */,
			);
			defaultConfigurationIsVisible = 0;
			defaultConfigurationName = Release;
		};
/* End XCConfigurationList section */
	};
	rootObject = 9AD09C0B1E9E874500DF454B /* Project object */;
}
